{
  "nodes": {
    "crane": {
      "inputs": {
        "flake-compat": "flake-compat",
        "flake-utils": [
          "helix",
          "flake-utils"
        ],
        "nixpkgs": [
          "helix",
          "nixpkgs"
        ],
        "rust-overlay": [
          "helix",
          "rust-overlay"
        ]
      },
      "locked": {
        "lastModified": 1688772518,
        "narHash": "sha256-ol7gZxwvgLnxNSZwFTDJJ49xVY5teaSvF7lzlo3YQfM=",
        "owner": "ipetkov",
        "repo": "crane",
        "rev": "8b08e96c9af8c6e3a2b69af5a7fa168750fcf88e",
        "type": "github"
      },
      "original": {
        "owner": "ipetkov",
        "repo": "crane",
        "type": "github"
      }
    },
    "flake-compat": {
      "flake": false,
      "locked": {
        "lastModified": 1673956053,
        "narHash": "sha256-4gtG9iQuiKITOjNQQeQIpoIB6b16fm+504Ch3sNKLd8=",
        "owner": "edolstra",
        "repo": "flake-compat",
        "rev": "35bb57c0c8d8b62bbfd284272c928ceb64ddbde9",
        "type": "github"
      },
      "original": {
        "owner": "edolstra",
        "repo": "flake-compat",
        "type": "github"
      }
    },
    "flake-utils": {
      "inputs": {
        "systems": "systems"
      },
      "locked": {
        "lastModified": 1694529238,
        "narHash": "sha256-zsNZZGTGnMOf9YpHKJqMSsa0dXbfmxeoJ7xHlrt+xmY=",
        "owner": "numtide",
        "repo": "flake-utils",
        "rev": "ff7b65b44d01cf9ba6a71320833626af21126384",
        "type": "github"
      },
      "original": {
        "owner": "numtide",
        "repo": "flake-utils",
        "type": "github"
      }
    },
    "helix": {
      "inputs": {
        "crane": "crane",
        "flake-utils": [
          "flake-utils"
        ],
        "nixpkgs": [
          "nixpkgs"
        ],
        "rust-overlay": "rust-overlay"
      },
      "locked": {
        "lastModified": 1696028748,
        "narHash": "sha256-4hoXN+BhztiCVYyCJ69bt0bsFAEM2n6+gETmfLYPVgo=",
        "owner": "paholg",
        "repo": "helix",
        "rev": "325d496a6651060b025097dc733f482eace888b2",
        "type": "github"
      },
      "original": {
        "owner": "paholg",
        "ref": "mikabranch",
        "repo": "helix",
        "type": "github"
      }
    },
    "home-manager": {
      "inputs": {
        "nixpkgs": [
          "nixpkgs"
        ]
      },
      "locked": {
        "lastModified": 1698795315,
        "narHash": "sha256-fF5ScAWLMHXOuqsbLSG137kS1D+gr9JPtm4H2c4yBbU=",
        "owner": "nix-community",
        "repo": "home-manager",
        "rev": "9bc7d84b8213255ecd5eb6299afdb77c36ece71d",
        "type": "github"
      },
      "original": {
        "owner": "nix-community",
        "repo": "home-manager",
        "type": "github"
      }
    },
    "naersk": {
      "inputs": {
        "nixpkgs": [
          "nixpkgs"
        ]
      },
      "locked": {
        "lastModified": 1698420672,
        "narHash": "sha256-/TdeHMPRjjdJub7p7+w55vyABrsJlt5QkznPYy55vKA=",
        "owner": "nix-community",
        "repo": "naersk",
        "rev": "aeb58d5e8faead8980a807c840232697982d47b9",
        "type": "github"
      },
      "original": {
        "owner": "nix-community",
        "ref": "master",
        "repo": "naersk",
        "type": "github"
      }
    },
    "nixpkgs": {
      "locked": {
        "lastModified": 1698611440,
        "narHash": "sha256-jPjHjrerhYDy3q9+s5EAsuhyhuknNfowY6yt6pjn9pc=",
        "owner": "nixos",
        "repo": "nixpkgs",
        "rev": "0cbe9f69c234a7700596e943bfae7ef27a31b735",
        "type": "github"
      },
      "original": {
        "owner": "nixos",
        "ref": "nixos-unstable",
        "repo": "nixpkgs",
        "type": "github"
      }
    },
    "nixpkgs-stable": {
      "locked": {
        "lastModified": 1698696950,
        "narHash": "sha256-FHFL58t6lMumvWqwundC8fDDDLOIvc+JJBNIAlPjrDY=",
        "owner": "nixos",
        "repo": "nixpkgs",
        "rev": "017ef2132a5bda50bd713aeabce8f918502d4ec1",
        "type": "github"
      },
      "original": {
        "owner": "nixos",
        "ref": "nixos-23.05",
        "repo": "nixpkgs",
        "type": "github"
      }
    },
    "nixpkgs-unstable": {
      "locked": {
        "lastModified": 1698553279,
        "narHash": "sha256-T/9P8yBSLcqo/v+FTOBK+0rjzjPMctVymZydbvR/Fak=",
        "owner": "nixos",
        "repo": "nixpkgs",
        "rev": "90e85bc7c1a6fc0760a94ace129d3a1c61c3d035",
        "type": "github"
      },
      "original": {
        "owner": "nixos",
        "ref": "nixpkgs-unstable",
        "repo": "nixpkgs",
        "type": "github"
      }
    },
    "root": {
      "inputs": {
        "flake-utils": "flake-utils",
        "helix": "helix",
        "home-manager": "home-manager",
        "naersk": "naersk",
        "nixpkgs": "nixpkgs",
        "nixpkgs-stable": "nixpkgs-stable",
        "nixpkgs-unstable": "nixpkgs-unstable",
        "simple-completion-language-server": "simple-completion-language-server",
        "trashy": "trashy"
      }
    },
    "rust-overlay": {
      "inputs": {
        "flake-utils": [
          "helix",
          "flake-utils"
        ],
        "nixpkgs": [
          "helix",
          "nixpkgs"
        ]
      },
      "locked": {
        "lastModified": 1690424156,
        "narHash": "sha256-Bpml+L280tHTQpwpC5/BJbU4HSvEzMvW8IZ4gAXimhE=",
        "owner": "oxalica",
        "repo": "rust-overlay",
        "rev": "f335a0213504c7e6481c359dc1009be9cf34432c",
        "type": "github"
      },
      "original": {
        "owner": "oxalica",
        "repo": "rust-overlay",
        "type": "github"
      }
    },
    "simple-completion-language-server": {
      "inputs": {
        "flake-utils": [
          "flake-utils"
        ],
        "naersk": [
          "naersk"
        ],
        "nixpkgs": [
          "nixpkgs"
        ]
      },
      "locked": {
        "lastModified": 1698775951,
        "narHash": "sha256-PkBCDWH8gUYQA/obv98jtH8jw9J0LlIC27wsz+dL6ek=",
        "owner": "estin",
        "repo": "simple-completion-language-server",
        "rev": "f657fe56e568fd560c53a144f84cfee6f23366b3",
        "type": "github"
      },
      "original": {
        "owner": "estin",
        "repo": "simple-completion-language-server",
        "type": "github"
      }
    },
    "systems": {
      "locked": {
        "lastModified": 1681028828,
        "narHash": "sha256-Vy1rq5AaRuLzOxct8nz4T6wlgyUR7zLU309k9mBC768=",
        "owner": "nix-systems",
        "repo": "default",
        "rev": "da67096a3b9bf56a91d16901293e51ba5b49a27e",
        "type": "github"
      },
      "original": {
        "owner": "nix-systems",
        "repo": "default",
        "type": "github"
      }
    },
    "trashy": {
      "inputs": {
        "flake-utils": [
          "flake-utils"
        ],
        "naersk": [
          "naersk"
        ],
        "nixpkgs": [
          "nixpkgs"
        ]
      },
      "locked": {
        "lastModified": 1698195007,
        "narHash": "sha256-TTMo29uiy91sJpdrZNLPjjrHlHkRuQgc82SaNULA6NU=",
        "owner": "oberblastmeister",
        "repo": "trashy",
        "rev": "8621895dee3f0ff89273464024b7fed7a18aec05",
        "type": "github"
      },
      "original": {
        "owner": "oberblastmeister",
        "repo": "trashy",
        "type": "github"
      }
    }
  },
  "root": "root",
  "version": 7
}
